// !$*UTF8*$!
{
	archiveVersion = 1;
	classes = {
	};
	objectVersion = 56;
	objects = {

/* Begin PBXBuildFile section */
		3B0CBC4C298E8F800022FDF0 /* AppDelegate.swift in Sources */ = {isa = PBXBuildFile; fileRef = 3B0CBC4B298E8F800022FDF0 /* AppDelegate.swift */; };
		3B0CBC4E298E8F800022FDF0 /* SceneDelegate.swift in Sources */ = {isa = PBXBuildFile; fileRef = 3B0CBC4D298E8F800022FDF0 /* SceneDelegate.swift */; };
		3B0CBC50298E8F800022FDF0 /* ViewController.swift in Sources */ = {isa = PBXBuildFile; fileRef = 3B0CBC4F298E8F800022FDF0 /* ViewController.swift */; };
		3B0CBC55298E8F820022FDF0 /* Assets.xcassets in Resources */ = {isa = PBXBuildFile; fileRef = 3B0CBC54298E8F820022FDF0 /* Assets.xcassets */; };
		3B0CBC58298E8F820022FDF0 /* LaunchScreen.storyboard in Resources */ = {isa = PBXBuildFile; fileRef = 3B0CBC56298E8F820022FDF0 /* LaunchScreen.storyboard */; };
		3B82FB4E2992EF0B00C4A9CA /* QuizzLogic.swift in Sources */ = {isa = PBXBuildFile; fileRef = 3B82FB4D2992EF0B00C4A9CA /* QuizzLogic.swift */; };
		3BCC31A029920E85008A42F7 /* Questions.swift in Sources */ = {isa = PBXBuildFile; fileRef = 3BCC319F29920E85008A42F7 /* Questions.swift */; };
		3BCF993629A0F4CD0047BC48 /* MainView.swift in Sources */ = {isa = PBXBuildFile; fileRef = 3BCF993529A0F4CD0047BC48 /* MainView.swift */; };
		3BCF993A29A0F8B50047BC48 /* Helper.swift in Sources */ = {isa = PBXBuildFile; fileRef = 3BCF993929A0F8B50047BC48 /* Helper.swift */; };
		3BCF993C29A108C70047BC48 /* UIstackView.swift in Sources */ = {isa = PBXBuildFile; fileRef = 3BCF993B29A108C70047BC48 /* UIstackView.swift */; };
/* End PBXBuildFile section */

/* Begin PBXFileReference section */
		3B0CBC48298E8F800022FDF0 /* myQuizz.app */ = {isa = PBXFileReference; explicitFileType = wrapper.application; includeInIndex = 0; path = myQuizz.app; sourceTree = BUILT_PRODUCTS_DIR; };
		3B0CBC4B298E8F800022FDF0 /* AppDelegate.swift */ = {isa = PBXFileReference; lastKnownFileType = sourcecode.swift; path = AppDelegate.swift; sourceTree = "<group>"; };
		3B0CBC4D298E8F800022FDF0 /* SceneDelegate.swift */ = {isa = PBXFileReference; lastKnownFileType = sourcecode.swift; path = SceneDelegate.swift; sourceTree = "<group>"; };
		3B0CBC4F298E8F800022FDF0 /* ViewController.swift */ = {isa = PBXFileReference; lastKnownFileType = sourcecode.swift; path = ViewController.swift; sourceTree = "<group>"; };
		3B0CBC54298E8F820022FDF0 /* Assets.xcassets */ = {isa = PBXFileReference; lastKnownFileType = folder.assetcatalog; path = Assets.xcassets; sourceTree = "<group>"; };
		3B0CBC57298E8F820022FDF0 /* Base */ = {isa = PBXFileReference; lastKnownFileType = file.storyboard; name = Base; path = Base.lproj/LaunchScreen.storyboard; sourceTree = "<group>"; };
		3B0CBC59298E8F820022FDF0 /* Info.plist */ = {isa = PBXFileReference; lastKnownFileType = text.plist.xml; path = Info.plist; sourceTree = "<group>"; };
		3B82FB4D2992EF0B00C4A9CA /* QuizzLogic.swift */ = {isa = PBXFileReference; lastKnownFileType = sourcecode.swift; path = QuizzLogic.swift; sourceTree = "<group>"; };
		3BCC319F29920E85008A42F7 /* Questions.swift */ = {isa = PBXFileReference; lastKnownFileType = sourcecode.swift; path = Questions.swift; sourceTree = "<group>"; };
		3BCF993529A0F4CD0047BC48 /* MainView.swift */ = {isa = PBXFileReference; lastKnownFileType = sourcecode.swift; path = MainView.swift; sourceTree = "<group>"; };
		3BCF993929A0F8B50047BC48 /* Helper.swift */ = {isa = PBXFileReference; lastKnownFileType = sourcecode.swift; path = Helper.swift; sourceTree = "<group>"; };
		3BCF993B29A108C70047BC48 /* UIstackView.swift */ = {isa = PBXFileReference; fileEncoding = 4; lastKnownFileType = sourcecode.swift; path = UIstackView.swift; sourceTree = "<group>"; };
/* End PBXFileReference section */

/* Begin PBXFrameworksBuildPhase section */
		3B0CBC45298E8F800022FDF0 /* Frameworks */ = {
			isa = PBXFrameworksBuildPhase;
			buildActionMask = 2147483647;
			files = (
			);
			runOnlyForDeploymentPostprocessing = 0;
		};
/* End PBXFrameworksBuildPhase section */

/* Begin PBXGroup section */
		3B0CBC3F298E8F800022FDF0 = {
			isa = PBXGroup;
			children = (
				3B0CBC4A298E8F800022FDF0 /* myQuizz */,
				3B0CBC49298E8F800022FDF0 /* Products */,
			);
			sourceTree = "<group>";
		};
		3B0CBC49298E8F800022FDF0 /* Products */ = {
			isa = PBXGroup;
			children = (
				3B0CBC48298E8F800022FDF0 /* myQuizz.app */,
			);
			name = Products;
			sourceTree = "<group>";
		};
		3B0CBC4A298E8F800022FDF0 /* myQuizz */ = {
			isa = PBXGroup;
			children = (
				3B0CBC4B298E8F800022FDF0 /* AppDelegate.swift */,
				3B0CBC4D298E8F800022FDF0 /* SceneDelegate.swift */,
				3B82FB4B2992EED600C4A9CA /* Model */,
				3B82FB482992EDD000C4A9CA /* View */,
				3BCC31A12992ED92008A42F7 /* Controller */,
				3B0CBC54298E8F820022FDF0 /* Assets.xcassets */,
				3B0CBC56298E8F820022FDF0 /* LaunchScreen.storyboard */,
				3B0CBC59298E8F820022FDF0 /* Info.plist */,
				3BCF993929A0F8B50047BC48 /* Helper.swift */,
				3BCF993B29A108C70047BC48 /* UIstackView.swift */,
			);
			path = myQuizz;
			sourceTree = "<group>";
		};
		3B82FB482992EDD000C4A9CA /* View */ = {
			isa = PBXGroup;
			children = (
				3BCF993529A0F4CD0047BC48 /* MainView.swift */,
			);
			path = View;
			sourceTree = "<group>";
		};
		3B82FB4B2992EED600C4A9CA /* Model */ = {
			isa = PBXGroup;
			children = (
				3BCC319F29920E85008A42F7 /* Questions.swift */,
				3B82FB4D2992EF0B00C4A9CA /* QuizzLogic.swift */,
			);
			path = Model;
			sourceTree = "<group>";
		};
		3BCC31A12992ED92008A42F7 /* Controller */ = {
			isa = PBXGroup;
			children = (
				3B0CBC4F298E8F800022FDF0 /* ViewController.swift */,
			);
			path = Controller;
			sourceTree = "<group>";
		};
/* End PBXGroup section */

/* Begin PBXNativeTarget section */
		3B0CBC47298E8F800022FDF0 /* myQuizz */ = {
			isa = PBXNativeTarget;
			buildConfigurationList = 3B0CBC5C298E8F820022FDF0 /* Build configuration list for PBXNativeTarget "myQuizz" */;
			buildPhases = (
				3B0CBC44298E8F800022FDF0 /* Sources */,
				3B0CBC45298E8F800022FDF0 /* Frameworks */,
				3B0CBC46298E8F800022FDF0 /* Resources */,
			);
			buildRules = (
			);
			dependencies = (
			);
			name = myQuizz;
			productName = myQuizz;
			productReference = 3B0CBC48298E8F800022FDF0 /* myQuizz.app */;
			productType = "com.apple.product-type.application";
		};
/* End PBXNativeTarget section */

/* Begin PBXProject section */
		3B0CBC40298E8F800022FDF0 /* Project object */ = {
			isa = PBXProject;
			attributes = {
				BuildIndependentTargetsInParallel = 1;
				LastSwiftUpdateCheck = 1420;
				LastUpgradeCheck = 1420;
				TargetAttributes = {
					3B0CBC47298E8F800022FDF0 = {
						CreatedOnToolsVersion = 14.2;
					};
				};
			};
			buildConfigurationList = 3B0CBC43298E8F800022FDF0 /* Build configuration list for PBXProject "myQuizz" */;
			compatibilityVersion = "Xcode 14.0";
			developmentRegion = en;
			hasScannedForEncodings = 0;
			knownRegions = (
				en,
				Base,
			);
			mainGroup = 3B0CBC3F298E8F800022FDF0;
			productRefGroup = 3B0CBC49298E8F800022FDF0 /* Products */;
			projectDirPath = "";
			projectRoot = "";
			targets = (
				3B0CBC47298E8F800022FDF0 /* myQuizz */,
			);
		};
/* End PBXProject section */

/* Begin PBXResourcesBuildPhase section */
		3B0CBC46298E8F800022FDF0 /* Resources */ = {
			isa = PBXResourcesBuildPhase;
			buildActionMask = 2147483647;
			files = (
				3B0CBC58298E8F820022FDF0 /* LaunchScreen.storyboard in Resources */,
				3B0CBC55298E8F820022FDF0 /* Assets.xcassets in Resources */,
			);
			runOnlyForDeploymentPostprocessing = 0;
		};
/* End PBXResourcesBuildPhase section */

/* Begin PBXSourcesBuildPhase section */
		3B0CBC44298E8F800022FDF0 /* Sources */ = {
			isa = PBXSourcesBuildPhase;
			buildActionMask = 2147483647;
			files = (
				3B0CBC50298E8F800022FDF0 /* ViewController.swift in Sources */,
				3BCF993A29A0F8B50047BC48 /* Helper.swift in Sources */,
				3BCF993629A0F4CD0047BC48 /* MainView.swift in Sources */,
				3BCF993C29A108C70047BC48 /* UIstackView.swift in Sources */,
				3BCC31A029920E85008A42F7 /* Questions.swift in Sources */,
				3B0CBC4C298E8F800022FDF0 /* AppDelegate.swift in Sources */,
				3B82FB4E2992EF0B00C4A9CA /* QuizzLogic.swift in Sources */,
				3B0CBC4E298E8F800022FDF0 /* SceneDelegate.swift in Sources */,
			);
			runOnlyForDeploymentPostprocessing = 0;
		};
/* End PBXSourcesBuildPhase section */

/* Begin PBXVariantGroup section */
		3B0CBC56298E8F820022FDF0 /* LaunchScreen.storyboard */ = {
			isa = PBXVariantGroup;
			children = (
				3B0CBC57298E8F820022FDF0 /* Base */,
			);
			name = LaunchScreen.storyboard;
			sourceTree = "<group>";
		};
/* End PBXVariantGroup section */

/* Begin XCBuildConfiguration section */
		3B0CBC5A298E8F820022FDF0 /* Debug */ = {
			isa = XCBuildConfiguration;
			buildSettings = {
				ALWAYS_SEARCH_USER_PATHS = NO;
				CLANG_ANALYZER_NONNULL = YES;
				CLANG_ANALYZER_NUMBER_OBJECT_CONVERSION = YES_AGGRESSIVE;
				CLANG_CXX_LANGUAGE_STANDARD = "gnu++20";
				CLANG_ENABLE_MODULES = YES;
				CLANG_ENABLE_OBJC_ARC = YES;
				CLANG_ENABLE_OBJC_WEAK = YES;
				CLANG_WARN_BLOCK_CAPTURE_AUTORELEASING = YES;
				CLANG_WARN_BOOL_CONVERSION = YES;
				CLANG_WARN_COMMA = YES;
				CLANG_WARN_CONSTANT_CONVERSION = YES;
				CLANG_WARN_DEPRECATED_OBJC_IMPLEMENTATIONS = YES;
				CLANG_WARN_DIRECT_OBJC_ISA_USAGE = YES_ERROR;
				CLANG_WARN_DOCUMENTATION_COMMENTS = YES;
				CLANG_WARN_EMPTY_BODY = YES;
				CLANG_WARN_ENUM_CONVERSION = YES;
				CLANG_WARN_INFINITE_RECURSION = YES;
				CLANG_WARN_INT_CONVERSION = YES;
				CLANG_WARN_NON_LITERAL_NULL_CONVERSION = YES;
				CLANG_WARN_OBJC_IMPLICIT_RETAIN_SELF = YES;
				CLANG_WARN_OBJC_LITERAL_CONVERSION = YES;
				CLANG_WARN_OBJC_ROOT_CLASS = YES_ERROR;
				CLANG_WARN_QUOTED_INCLUDE_IN_FRAMEWORK_HEADER = YES;
				CLANG_WARN_RANGE_LOOP_ANALYSIS = YES;
				CLANG_WARN_STRICT_PROTOTYPES = YES;
				CLANG_WARN_SUSPICIOUS_MOVE = YES;
				CLANG_WARN_UNGUARDED_AVAILABILITY = YES_AGGRESSIVE;
				CLANG_WARN_UNREACHABLE_CODE = YES;
				CLANG_WARN__DUPLICATE_METHOD_MATCH = YES;
				COPY_PHASE_STRIP = NO;
				DEBUG_INFORMATION_FORMAT = dwarf;
				ENABLE_STRICT_OBJC_MSGSEND = YES;
				ENABLE_TESTABILITY = YES;
				GCC_C_LANGUAGE_STANDARD = gnu11;
				GCC_DYNAMIC_NO_PIC = NO;
				GCC_NO_COMMON_BLOCKS = YES;
				GCC_OPTIMIZATION_LEVEL = 0;
				GCC_PREPROCESSOR_DEFINITIONS = (
					"DEBUG=1",
					"$(inherited)",
				);
				GCC_WARN_64_TO_32_BIT_CONVERSION = YES;
				GCC_WARN_ABOUT_RETURN_TYPE = YES_ERROR;
				GCC_WARN_UNDECLARED_SELECTOR = YES;
				GCC_WARN_UNINITIALIZED_AUTOS = YES_AGGRESSIVE;
				GCC_WARN_UNUSED_FUNCTION = YES;
				GCC_WARN_UNUSED_VARIABLE = YES;
				IPHONEOS_DEPLOYMENT_TARGET = 16.2;
				MTL_ENABLE_DEBUG_INFO = INCLUDE_SOURCE;
				MTL_FAST_MATH = YES;
				ONLY_ACTIVE_ARCH = YES;
				SDKROOT = iphoneos;
				SWIFT_ACTIVE_COMPILATION_CONDITIONS = DEBUG;
				SWIFT_OPTIMIZATION_LEVEL = "-Onone";
			};
			name = Debug;
		};
		3B0CBC5B298E8F820022FDF0 /* Release */ = {
			isa = XCBuildConfiguration;
			buildSettings = {
				ALWAYS_SEARCH_USER_PATHS = NO;
				CLANG_ANALYZER_NONNULL = YES;
				CLANG_ANALYZER_NUMBER_OBJECT_CONVERSION = YES_AGGRESSIVE;
				CLANG_CXX_LANGUAGE_STANDARD = "gnu++20";
				CLANG_ENABLE_MODULES = YES;
				CLANG_ENABLE_OBJC_ARC = YES;
				CLANG_ENABLE_OBJC_WEAK = YES;
				CLANG_WARN_BLOCK_CAPTURE_AUTORELEASING = YES;
				CLANG_WARN_BOOL_CONVERSION = YES;
				CLANG_WARN_COMMA = YES;
				CLANG_WARN_CONSTANT_CONVERSION = YES;
				CLANG_WARN_DEPRECATED_OBJC_IMPLEMENTATIONS = YES;
				CLANG_WARN_DIRECT_OBJC_ISA_USAGE = YES_ERROR;
				CLANG_WARN_DOCUMENTATION_COMMENTS = YES;
				CLANG_WARN_EMPTY_BODY = YES;
				CLANG_WARN_ENUM_CONVERSION = YES;
				CLANG_WARN_INFINITE_RECURSION = YES;
				CLANG_WARN_INT_CONVERSION = YES;
				CLANG_WARN_NON_LITERAL_NULL_CONVERSION = YES;
				CLANG_WARN_OBJC_IMPLICIT_RETAIN_SELF = YES;
				CLANG_WARN_OBJC_LITERAL_CONVERSION = YES;
				CLANG_WARN_OBJC_ROOT_CLASS = YES_ERROR;
				CLANG_WARN_QUOTED_INCLUDE_IN_FRAMEWORK_HEADER = YES;
				CLANG_WARN_RANGE_LOOP_ANALYSIS = YES;
				CLANG_WARN_STRICT_PROTOTYPES = YES;
				CLANG_WARN_SUSPICIOUS_MOVE = YES;
				CLANG_WARN_UNGUARDED_AVAILABILITY = YES_AGGRESSIVE;
				CLANG_WARN_UNREACHABLE_CODE = YES;
				CLANG_WARN__DUPLICATE_METHOD_MATCH = YES;
				COPY_PHASE_STRIP = NO;
				DEBUG_INFORMATION_FORMAT = "dwarf-with-dsym";
				ENABLE_NS_ASSERTIONS = NO;
				ENABLE_STRICT_OBJC_MSGSEND = YES;
				GCC_C_LANGUAGE_STANDARD = gnu11;
				GCC_NO_COMMON_BLOCKS = YES;
				GCC_WARN_64_TO_32_BIT_CONVERSION = YES;
				GCC_WARN_ABOUT_RETURN_TYPE = YES_ERROR;
				GCC_WARN_UNDECLARED_SELECTOR = YES;
				GCC_WARN_UNINITIALIZED_AUTOS = YES_AGGRESSIVE;
				GCC_WARN_UNUSED_FUNCTION = YES;
				GCC_WARN_UNUSED_VARIABLE = YES;
				IPHONEOS_DEPLOYMENT_TARGET = 16.2;
				MTL_ENABLE_DEBUG_INFO = NO;
				MTL_FAST_MATH = YES;
				SDKROOT = iphoneos;
				SWIFT_COMPILATION_MODE = wholemodule;
				SWIFT_OPTIMIZATION_LEVEL = "-O";
				VALIDATE_PRODUCT = YES;
			};
			name = Release;
		};
		3B0CBC5D298E8F820022FDF0 /* Debug */ = {
			isa = XCBuildConfiguration;
			buildSettings = {
				ASSETCATALOG_COMPILER_APPICON_NAME = AppIcon;
				ASSETCATALOG_COMPILER_GLOBAL_ACCENT_COLOR_NAME = AccentColor;
				CODE_SIGN_STYLE = Automatic;
				CURRENT_PROJECT_VERSION = 1;
				DEVELOPMENT_TEAM = 77VJM8SYXS;
				GENERATE_INFOPLIST_FILE = YES;
				INFOPLIST_FILE = myQuizz/Info.plist;
				INFOPLIST_KEY_UIApplicationSupportsIndirectInputEvents = YES;
				INFOPLIST_KEY_UILaunchStoryboardName = LaunchScreen;
				INFOPLIST_KEY_UISupportedInterfaceOrientations_iPad = "UIInterfaceOrientationPortrait UIInterfaceOrientationPortraitUpsideDown UIInterfaceOrientationLandscapeLeft UIInterfaceOrientationLandscapeRight";
				INFOPLIST_KEY_UISupportedInterfaceOrientations_iPhone = "UIInterfaceOrientationPortrait UIInterfaceOrientationLandscapeLeft UIInterfaceOrientationLandscapeRight";
				LD_RUNPATH_SEARCH_PATHS = (
					"$(inherited)",
					"@executable_path/Frameworks",
				);
				MARKETING_VERSION = 1.0;
				PRODUCT_BUNDLE_IDENTIFIER = Naberezhnov.myQuizz;
				PRODUCT_NAME = "$(TARGET_NAME)";
				SWIFT_EMIT_LOC_STRINGS = YES;
				SWIFT_VERSION = 5.0;
				TARGETED_DEVICE_FAMILY = "1,2";
			};
			name = Debug;
		};
		3B0CBC5E298E8F820022FDF0 /* Release */ = {
			isa = XCBuildConfiguration;
			buildSettings = {
				ASSETCATALOG_COMPILER_APPICON_NAME = AppIcon;
				ASSETCATALOG_COMPILER_GLOBAL_ACCENT_COLOR_NAME = AccentColor;
				CODE_SIGN_STYLE = Automatic;
				CURRENT_PROJECT_VERSION = 1;
				DEVELOPMENT_TEAM = 77VJM8SYXS;
				GENERATE_INFOPLIST_FILE = YES;
				INFOPLIST_FILE = myQuizz/Info.plist;
				INFOPLIST_KEY_UIApplicationSupportsIndirectInputEvents = YES;
				INFOPLIST_KEY_UILaunchStoryboardName = LaunchScreen;
				INFOPLIST_KEY_UISupportedInterfaceOrientations_iPad = "UIInterfaceOrientationPortrait UIInterfaceOrientationPortraitUpsideDown UIInterfaceOrientationLandscapeLeft UIInterfaceOrientationLandscapeRight";
				INFOPLIST_KEY_UISupportedInterfaceOrientations_iPhone = "UIInterfaceOrientationPortrait UIInterfaceOrientationLandscapeLeft UIInterfaceOrientationLandscapeRight";
				LD_RUNPATH_SEARCH_PATHS = (
					"$(inherited)",
					"@executable_path/Frameworks",
				);
				MARKETING_VERSION = 1.0;
				PRODUCT_BUNDLE_IDENTIFIER = Naberezhnov.myQuizz;
				PRODUCT_NAME = "$(TARGET_NAME)";
				SWIFT_EMIT_LOC_STRINGS = YES;
				SWIFT_VERSION = 5.0;
				TARGETED_DEVICE_FAMILY = "1,2";
			};
			name = Release;
		};
/* End XCBuildConfiguration section */

/* Begin XCConfigurationList section */
		3B0CBC43298E8F800022FDF0 /* Build configuration list for PBXProject "myQuizz" */ = {
			isa = XCConfigurationList;
			buildConfigurations = (
				3B0CBC5A298E8F820022FDF0 /* Debug */,
				3B0CBC5B298E8F820022FDF0 /* Release */,
			);
			defaultConfigurationIsVisible = 0;
			defaultConfigurationName = Release;
		};
		3B0CBC5C298E8F820022FDF0 /* Build configuration list for PBXNativeTarget "myQuizz" */ = {
			isa = XCConfigurationList;
			buildConfigurations = (
				3B0CBC5D298E8F820022FDF0 /* Debug */,
				3B0CBC5E298E8F820022FDF0 /* Release */,
			);
			defaultConfigurationIsVisible = 0;
			defaultConfigurationName = Release;
		};
/* End XCConfigurationList section */
	};
	rootObject = 3B0CBC40298E8F800022FDF0 /* Project object */;
}
